
Microsoft Visual Studio Solution File, Format Version 12.00
# Visual Studio 2012
Project("{FAE04EC0-301F-11D3-BF4B-00C04F79EFBC}") = "Program", "Code\Program.csproj", "{1DC434A9-9CEA-44C3-A42A-33DD7A50C260}"
EndProject
Project("{FAE04EC0-301F-11D3-BF4B-00C04F79EFBC}") = "Content", "Code\Content\Content.contentproj", "{B5E43326-559C-43B5-B77E-42C566234D00}"
EndProject
Project("{FAE04EC0-301F-11D3-BF4B-00C04F79EFBC}") = "Content_Library", "Code\Content\Game_Library\Content_Library.csproj", "{BB82B312-04BE-4BC0-AB60-0295AE56365B}"
EndProject
Global
	GlobalSection(SolutionConfigurationPlatforms) = preSolution
		Debug|x86 = Debug|x86
		Release|x86 = Release|x86
	EndGlobalSection
	GlobalSection(ProjectConfigurationPlatforms) = postSolution
		{1DC434A9-9CEA-44C3-A42A-33DD7A50C260}.Debug|x86.ActiveCfg = Debug|x86
		{1DC434A9-9CEA-44C3-A42A-33DD7A50C260}.Debug|x86.Build.0 = Debug|x86
		{1DC434A9-9CEA-44C3-A42A-33DD7A50C260}.Release|x86.ActiveCfg = Release|x86
		{1DC434A9-9CEA-44C3-A42A-33DD7A50C260}.Release|x86.Build.0 = Release|x86
		{B5E43326-559C-43B5-B77E-42C566234D00}.Debug|x86.ActiveCfg = Debug|x86
		{B5E43326-559C-43B5-B77E-42C566234D00}.Release|x86.ActiveCfg = Release|x86
		{BB82B312-04BE-4BC0-AB60-0295AE56365B}.Debug|x86.ActiveCfg = Debug|x86
		{BB82B312-04BE-4BC0-AB60-0295AE56365B}.Debug|x86.Build.0 = Debug|x86
		{BB82B312-04BE-4BC0-AB60-0295AE56365B}.Release|x86.ActiveCfg = Release|x86
		{BB82B312-04BE-4BC0-AB60-0295AE56365B}.Release|x86.Build.0 = Release|x86
	EndGlobalSection
	GlobalSection(SolutionProperties) = preSolution
		HideSolutionNode = FALSE
	EndGlobalSection
EndGlobal
